{
  "name": "finite-state-machine-exercise",
  "version": "1.0.0",
  "lockfileVersion": 1,
  "requires": true,
  "dependencies": {
    "xstate": {
      "version": "4.23.4",
      "resolved": "https://registry.npmjs.org/xstate/-/xstate-4.23.4.tgz",
      "integrity": "sha512-lWaUvyrd0HGhosyKnf8i9wBlszVaS+/uIs0EfnuPYNsZIh1BW9ed4bZ64P57wVYk2uln7v3u+Mv98FC+r8xrxQ=="
    }
  }
}
